version: 4
environments:
  default:
    channels:
    - url: https://conda.anaconda.org/conda-forge/
    packages:
      linux-64:
      - conda: https://conda.anaconda.org/conda-forge/linux-64/_libgcc_mutex-0.1-conda_forge.tar.bz2
      - conda: https://conda.anaconda.org/conda-forge/linux-64/_openmp_mutex-4.5-2_gnu.tar.bz2
      - conda: https://conda.anaconda.org/conda-forge/linux-64/binutils_impl_linux-64-2.40-hf600244_0.conda
      - conda: https://conda.anaconda.org/conda-forge/linux-64/boost-1.84.0-h781c19f_1.conda
      - conda: https://conda.anaconda.org/conda-forge/linux-64/bzip2-1.0.8-hd590300_5.conda
      - conda: https://conda.anaconda.org/conda-forge/linux-64/c-ares-1.27.0-hd590300_0.conda
      - conda: https://conda.anaconda.org/conda-forge/linux-64/ca-certificates-2024.2.2-hbcca054_0.conda
      - conda: https://conda.anaconda.org/conda-forge/linux-64/cmake-3.28.3-hcfe8598_0.conda
      - conda: https://conda.anaconda.org/conda-forge/linux-64/eigen-3.4.0-h00ab1b0_0.conda
      - conda: https://conda.anaconda.org/conda-forge/linux-64/gcc-13.2.0-hd6cf55c_3.conda
      - conda: https://conda.anaconda.org/conda-forge/linux-64/gcc_impl_linux-64-13.2.0-h338b0a0_5.conda
      - conda: https://conda.anaconda.org/conda-forge/linux-64/icu-73.2-h59595ed_0.conda
      - conda: https://conda.anaconda.org/conda-forge/linux-64/keyutils-1.6.1-h166bdaf_0.tar.bz2
      - conda: https://conda.anaconda.org/conda-forge/linux-64/krb5-1.21.2-h659d440_0.conda
      - conda: https://conda.anaconda.org/conda-forge/linux-64/ld_impl_linux-64-2.40-h41732ed_0.conda
      - conda: https://conda.anaconda.org/conda-forge/linux-64/libblas-3.9.0-21_linux64_openblas.conda
      - conda: https://conda.anaconda.org/conda-forge/linux-64/libboost-1.84.0-h8013b2b_1.conda
      - conda: https://conda.anaconda.org/conda-forge/linux-64/libboost-devel-1.84.0-h00ab1b0_1.conda
      - conda: https://conda.anaconda.org/conda-forge/linux-64/libboost-headers-1.84.0-ha770c72_1.conda
      - conda: https://conda.anaconda.org/conda-forge/linux-64/libboost-python-1.84.0-py311h92ebd52_1.conda
      - conda: https://conda.anaconda.org/conda-forge/linux-64/libboost-python-devel-1.84.0-py311h781c19f_1.conda
      - conda: https://conda.anaconda.org/conda-forge/linux-64/libcblas-3.9.0-21_linux64_openblas.conda
      - conda: https://conda.anaconda.org/conda-forge/linux-64/libcurl-8.5.0-hca28451_0.conda
      - conda: https://conda.anaconda.org/conda-forge/linux-64/libedit-3.1.20191231-he28a2e2_2.tar.bz2
      - conda: https://conda.anaconda.org/conda-forge/linux-64/libev-4.33-hd590300_2.conda
      - conda: https://conda.anaconda.org/conda-forge/linux-64/libexpat-2.6.2-h59595ed_0.conda
      - conda: https://conda.anaconda.org/conda-forge/linux-64/libffi-3.4.2-h7f98852_5.tar.bz2
      - conda: https://conda.anaconda.org/conda-forge/linux-64/libgcc-ng-13.2.0-h807b86a_5.conda
      - conda: https://conda.anaconda.org/conda-forge/linux-64/libgfortran-ng-13.2.0-h69a702a_5.conda
      - conda: https://conda.anaconda.org/conda-forge/linux-64/libgfortran5-13.2.0-ha4646dd_5.conda
      - conda: https://conda.anaconda.org/conda-forge/linux-64/libgomp-13.2.0-h807b86a_5.conda
      - conda: https://conda.anaconda.org/conda-forge/linux-64/liblapack-3.9.0-21_linux64_openblas.conda
      - conda: https://conda.anaconda.org/conda-forge/linux-64/libnghttp2-1.58.0-h47da74e_1.conda
      - conda: https://conda.anaconda.org/conda-forge/linux-64/libnsl-2.0.1-hd590300_0.conda
      - conda: https://conda.anaconda.org/conda-forge/linux-64/libopenblas-0.3.26-pthreads_h413a1c8_0.conda
      - conda: https://conda.anaconda.org/conda-forge/linux-64/libsanitizer-13.2.0-h7e041cc_5.conda
      - conda: https://conda.anaconda.org/conda-forge/linux-64/libsqlite-3.45.2-h2797004_0.conda
      - conda: https://conda.anaconda.org/conda-forge/linux-64/libssh2-1.11.0-h0841786_0.conda
      - conda: https://conda.anaconda.org/conda-forge/linux-64/libstdcxx-ng-13.2.0-h7e041cc_5.conda
      - conda: https://conda.anaconda.org/conda-forge/linux-64/libuuid-2.38.1-h0b41bf4_0.conda
      - conda: https://conda.anaconda.org/conda-forge/linux-64/libuv-1.48.0-hd590300_0.conda
      - conda: https://conda.anaconda.org/conda-forge/linux-64/libxcrypt-4.4.36-hd590300_1.conda
      - conda: https://conda.anaconda.org/conda-forge/linux-64/libzlib-1.2.13-hd590300_5.conda
      - conda: https://conda.anaconda.org/conda-forge/linux-64/ncurses-6.4-h59595ed_2.conda
      - conda: https://conda.anaconda.org/conda-forge/linux-64/numpy-1.26.4-py311h64a7726_0.conda
      - conda: https://conda.anaconda.org/conda-forge/linux-64/openssl-3.2.1-hd590300_0.conda
      - conda: https://conda.anaconda.org/conda-forge/linux-64/pkg-config-0.29.2-h36c2ea0_1008.tar.bz2
      - conda: https://conda.anaconda.org/conda-forge/linux-64/python-3.11.8-hab00c5b_0_cpython.conda
      - conda: https://conda.anaconda.org/conda-forge/linux-64/python_abi-3.11-4_cp311.conda
      - conda: https://conda.anaconda.org/conda-forge/linux-64/readline-8.2-h8228510_1.conda
      - conda: https://conda.anaconda.org/conda-forge/linux-64/rhash-1.4.4-hd590300_0.conda
      - conda: https://conda.anaconda.org/conda-forge/linux-64/tk-8.6.13-noxft_h4845f30_101.conda
      - conda: https://conda.anaconda.org/conda-forge/linux-64/xz-5.2.6-h166bdaf_0.tar.bz2
      - conda: https://conda.anaconda.org/conda-forge/linux-64/zstd-1.5.5-hfc55251_0.conda
      - conda: https://conda.anaconda.org/conda-forge/noarch/kernel-headers_linux-64-2.6.32-he073ed8_17.conda
      - conda: https://conda.anaconda.org/conda-forge/noarch/libgcc-devel_linux-64-13.2.0-ha9c7c90_105.conda
      - conda: https://conda.anaconda.org/conda-forge/noarch/pip-24.0-pyhd8ed1ab_0.conda
      - conda: https://conda.anaconda.org/conda-forge/noarch/pkgconfig-1.5.5-pyhd8ed1ab_4.tar.bz2
      - conda: https://conda.anaconda.org/conda-forge/noarch/setuptools-69.2.0-pyhd8ed1ab_0.conda
      - conda: https://conda.anaconda.org/conda-forge/noarch/sysroot_linux-64-2.12-he073ed8_17.conda
      - conda: https://conda.anaconda.org/conda-forge/noarch/tzdata-2024a-h0c530f3_0.conda
      - conda: https://conda.anaconda.org/conda-forge/noarch/wheel-0.42.0-pyhd8ed1ab_0.conda
packages:
- kind: conda
  name: _libgcc_mutex
  version: '0.1'
  build: conda_forge
  subdir: linux-64
  url: https://conda.anaconda.org/conda-forge/linux-64/_libgcc_mutex-0.1-conda_forge.tar.bz2
  sha256: fe51de6107f9edc7aa4f786a70f4a883943bc9d39b3bb7307c04c41410990726
  md5: d7c89558ba9fa0495403155b64376d81
  license: None
  size: 2562
  timestamp: 1578324546067
- kind: conda
  name: _openmp_mutex
  version: '4.5'
  build: 2_gnu
  build_number: 16
  subdir: linux-64
  url: https://conda.anaconda.org/conda-forge/linux-64/_openmp_mutex-4.5-2_gnu.tar.bz2
  sha256: fbe2c5e56a653bebb982eda4876a9178aedfc2b545f25d0ce9c4c0b508253d22
  md5: 73aaf86a425cc6e73fcf236a5a46396d
  depends:
  - _libgcc_mutex 0.1 conda_forge
  - libgomp >=7.5.0
  constrains:
  - openmp_impl 9999
  license: BSD-3-Clause
  license_family: BSD
  size: 23621
  timestamp: 1650670423406
- kind: conda
  name: binutils_impl_linux-64
  version: '2.40'
  build: hf600244_0
  subdir: linux-64
  url: https://conda.anaconda.org/conda-forge/linux-64/binutils_impl_linux-64-2.40-hf600244_0.conda
  sha256: a7e0ea2b71a5b03d82e5a58fb6b612ab1c44d72ce161f9aa441f7ba467cd4c8d
  md5: 33084421a8c0af6aef1b439707f7662a
  depends:
  - ld_impl_linux-64 2.40 h41732ed_0
  - sysroot_linux-64
  license: GPL-3.0-only
  license_family: GPL
  size: 5414922
  timestamp: 1674833958334
- kind: conda
  name: boost
  version: 1.84.0
  build: h781c19f_1
  build_number: 1
  subdir: linux-64
  url: https://conda.anaconda.org/conda-forge/linux-64/boost-1.84.0-h781c19f_1.conda
  sha256: bc199ddfcc59d9f5e56ef85e7dd39917c3809215ce06e9725b3f0b1f190e5b69
  md5: 54d6c13c1e5c978daaad5f82c13d1b08
  depends:
  - libboost-python-devel 1.84.0 py311h781c19f_1
  - numpy >=1.23.5,<2.0a0
  - python_abi 3.11.* *_cp311
  license: BSL-1.0
  size: 13231
  timestamp: 1707841271888
- kind: conda
  name: bzip2
  version: 1.0.8
  build: hd590300_5
  build_number: 5
  subdir: linux-64
  url: https://conda.anaconda.org/conda-forge/linux-64/bzip2-1.0.8-hd590300_5.conda
  sha256: 242c0c324507ee172c0e0dd2045814e746bb303d1eb78870d182ceb0abc726a8
  md5: 69b8b6202a07720f448be700e300ccf4
  depends:
  - libgcc-ng >=12
  license: bzip2-1.0.6
  license_family: BSD
  size: 254228
  timestamp: 1699279927352
- kind: conda
  name: c-ares
  version: 1.27.0
  build: hd590300_0
  subdir: linux-64
  url: https://conda.anaconda.org/conda-forge/linux-64/c-ares-1.27.0-hd590300_0.conda
  sha256: 2a5866b19d28cb963fab291a62ff1c884291b9d6f59de14643e52f103e255749
  md5: f6afff0e9ee08d2f1b897881a4f38cdb
  depends:
  - libgcc-ng >=12
  license: MIT
  license_family: MIT
  size: 163578
  timestamp: 1708684786032
- kind: conda
  name: ca-certificates
  version: 2024.2.2
  build: hbcca054_0
  subdir: linux-64
  url: https://conda.anaconda.org/conda-forge/linux-64/ca-certificates-2024.2.2-hbcca054_0.conda
  sha256: 91d81bfecdbb142c15066df70cc952590ae8991670198f92c66b62019b251aeb
  md5: 2f4327a1cbe7f022401b236e915a5fef
  license: ISC
  size: 155432
  timestamp: 1706843687645
- kind: conda
  name: cmake
  version: 3.28.3
  build: hcfe8598_0
  subdir: linux-64
  url: https://conda.anaconda.org/conda-forge/linux-64/cmake-3.28.3-hcfe8598_0.conda
  sha256: e6a629de33e49f2bbf624f26b3925ffd87aba6f4dda7ea70cfe05c11b846fb17
  md5: d41e72d041b9b12a3596cd08099f127c
  depends:
  - bzip2 >=1.0.8,<2.0a0
  - libcurl >=8.5.0,<9.0a0
  - libexpat >=2.5.0,<3.0a0
  - libgcc-ng >=12
  - libstdcxx-ng >=12
  - libuv >=1.46.0,<2.0a0
  - libzlib >=1.2.13,<1.3.0a0
  - ncurses >=6.4,<7.0a0
  - rhash >=1.4.4,<2.0a0
  - xz >=5.2.6,<6.0a0
  - zstd >=1.5.5,<1.6.0a0
  license: BSD-3-Clause
  license_family: BSD
  size: 18756618
  timestamp: 1707204079226
- kind: conda
  name: eigen
  version: 3.4.0
  build: h00ab1b0_0
  subdir: linux-64
  url: https://conda.anaconda.org/conda-forge/linux-64/eigen-3.4.0-h00ab1b0_0.conda
  sha256: 53b15a98aadbe0704479bacaf7a5618fcb32d1577be320630674574241639b34
  md5: b1b879d6d093f55dd40d58b5eb2f0699
  depends:
  - libgcc-ng >=12
  - libstdcxx-ng >=12
  license: MPL-2.0
  license_family: MOZILLA
  size: 1088433
  timestamp: 1690272126173
- kind: conda
  name: gcc
  version: 13.2.0
  build: hd6cf55c_3
  build_number: 3
  subdir: linux-64
  url: https://conda.anaconda.org/conda-forge/linux-64/gcc-13.2.0-hd6cf55c_3.conda
  sha256: 7438ff57cf37cca306db8b70d25b6eb144bc70339dd375afac8beb3a3b6495f5
  md5: 78ece817e46368937ea2827b8b625eca
  depends:
  - gcc_impl_linux-64 13.2.0.*
  license: BSD-3-Clause
  license_family: BSD
  size: 27439
  timestamp: 1710259879706
- kind: conda
  name: gcc_impl_linux-64
  version: 13.2.0
  build: h338b0a0_5
  build_number: 5
  subdir: linux-64
  url: https://conda.anaconda.org/conda-forge/linux-64/gcc_impl_linux-64-13.2.0-h338b0a0_5.conda
  sha256: baab8f8b9af54959735e629cf6d5ec9378166aa4c68ba8dc98dc0a781d548409
  md5: a6be13181cb66a78544b1d5f7bac97d0
  depends:
  - binutils_impl_linux-64 >=2.39
  - libgcc-devel_linux-64 13.2.0 ha9c7c90_105
  - libgcc-ng >=13.2.0
  - libgomp >=13.2.0
  - libsanitizer 13.2.0 h7e041cc_5
  - libstdcxx-ng >=13.2.0
  - sysroot_linux-64
  license: GPL-3.0-only WITH GCC-exception-3.1
  license_family: GPL
  size: 53318565
  timestamp: 1706819323755
- kind: conda
  name: icu
  version: '73.2'
  build: h59595ed_0
  subdir: linux-64
  url: https://conda.anaconda.org/conda-forge/linux-64/icu-73.2-h59595ed_0.conda
  sha256: e12fd90ef6601da2875ebc432452590bc82a893041473bc1c13ef29001a73ea8
  md5: cc47e1facc155f91abd89b11e48e72ff
  depends:
  - libgcc-ng >=12
  - libstdcxx-ng >=12
  license: MIT
  license_family: MIT
  size: 12089150
  timestamp: 1692900650789
- kind: conda
  name: kernel-headers_linux-64
  version: 2.6.32
  build: he073ed8_17
  build_number: 17
  subdir: noarch
  noarch: generic
  url: https://conda.anaconda.org/conda-forge/noarch/kernel-headers_linux-64-2.6.32-he073ed8_17.conda
  sha256: fb39d64b48f3d9d1acc3df208911a41f25b6a00bd54935d5973b4739a9edd5b6
  md5: d731b543793afc0433c4fd593e693fce
  constrains:
  - sysroot_linux-64 ==2.12
  license: LGPL-2.0-or-later AND LGPL-2.0-or-later WITH exceptions AND GPL-2.0-or-later AND MPL-2.0
  license_family: GPL
  size: 710627
  timestamp: 1708000830116
- kind: conda
  name: keyutils
  version: 1.6.1
  build: h166bdaf_0
  subdir: linux-64
  url: https://conda.anaconda.org/conda-forge/linux-64/keyutils-1.6.1-h166bdaf_0.tar.bz2
  sha256: 150c05a6e538610ca7c43beb3a40d65c90537497a4f6a5f4d15ec0451b6f5ebb
  md5: 30186d27e2c9fa62b45fb1476b7200e3
  depends:
  - libgcc-ng >=10.3.0
  license: LGPL-2.1-or-later
  size: 117831
  timestamp: 1646151697040
- kind: conda
  name: krb5
  version: 1.21.2
  build: h659d440_0
  subdir: linux-64
  url: https://conda.anaconda.org/conda-forge/linux-64/krb5-1.21.2-h659d440_0.conda
  sha256: 259bfaae731989b252b7d2228c1330ef91b641c9d68ff87dae02cbae682cb3e4
  md5: cd95826dbd331ed1be26bdf401432844
  depends:
  - keyutils >=1.6.1,<2.0a0
  - libedit >=3.1.20191231,<3.2.0a0
  - libedit >=3.1.20191231,<4.0a0
  - libgcc-ng >=12
  - libstdcxx-ng >=12
  - openssl >=3.1.2,<4.0a0
  license: MIT
  license_family: MIT
  size: 1371181
  timestamp: 1692097755782
- kind: conda
  name: ld_impl_linux-64
  version: '2.40'
  build: h41732ed_0
  subdir: linux-64
  url: https://conda.anaconda.org/conda-forge/linux-64/ld_impl_linux-64-2.40-h41732ed_0.conda
  sha256: f6cc89d887555912d6c61b295d398cff9ec982a3417d38025c45d5dd9b9e79cd
  md5: 7aca3059a1729aa76c597603f10b0dd3
  constrains:
  - binutils_impl_linux-64 2.40
  license: GPL-3.0-only
  license_family: GPL
  size: 704696
  timestamp: 1674833944779
- kind: conda
  name: libblas
  version: 3.9.0
  build: 21_linux64_openblas
  build_number: 21
  subdir: linux-64
  url: https://conda.anaconda.org/conda-forge/linux-64/libblas-3.9.0-21_linux64_openblas.conda
  sha256: ebd5c91f029f779fb88a1fcbd1e499559a9c258e3674ff58a2fbb4e375ae56d9
  md5: 0ac9f44fc096772b0aa092119b00c3ca
  depends:
  - libopenblas >=0.3.26,<0.3.27.0a0
  - libopenblas >=0.3.26,<1.0a0
  constrains:
  - liblapacke 3.9.0 21_linux64_openblas
  - blas * openblas
  - libcblas 3.9.0 21_linux64_openblas
  - liblapack 3.9.0 21_linux64_openblas
  license: BSD-3-Clause
  license_family: BSD
  size: 14691
  timestamp: 1705979549006
- kind: conda
  name: libboost
  version: 1.84.0
  build: h8013b2b_1
  build_number: 1
  subdir: linux-64
  url: https://conda.anaconda.org/conda-forge/linux-64/libboost-1.84.0-h8013b2b_1.conda
  sha256: c7ca2c013fd601ea3411bb95dd609995da0b10e6f9bc5b6c431bb11692dd2b5d
  md5: 2120a508ab0db8d3d73afbee964231fe
  depends:
  - bzip2 >=1.0.8,<2.0a0
  - icu >=73.2,<74.0a0
  - libgcc-ng >=12
  - libstdcxx-ng >=12
  - libzlib >=1.2.13,<1.3.0a0
  - xz >=5.2.6,<6.0a0
  - zstd >=1.5.5,<1.6.0a0
  constrains:
  - boost-cpp =1.84.0
  license: BSL-1.0
  size: 2684762
  timestamp: 1707840395536
- kind: conda
  name: libboost-devel
  version: 1.84.0
  build: h00ab1b0_1
  build_number: 1
  subdir: linux-64
  url: https://conda.anaconda.org/conda-forge/linux-64/libboost-devel-1.84.0-h00ab1b0_1.conda
  sha256: c7d4398689613b0cacbe3349c25112df1f1d0d5f6377a64e09dc118ca122ca42
  md5: fb0f8fd43cec5959e8c31eef6e8d97a9
  depends:
  - libboost 1.84.0 h8013b2b_1
  - libboost-headers 1.84.0 ha770c72_1
  constrains:
  - boost-cpp =1.84.0
  license: BSL-1.0
  size: 35228
  timestamp: 1707840518390
- kind: conda
  name: libboost-headers
  version: 1.84.0
  build: ha770c72_1
  build_number: 1
  subdir: linux-64
  url: https://conda.anaconda.org/conda-forge/linux-64/libboost-headers-1.84.0-ha770c72_1.conda
  sha256: f5ac6b12768e5c735d2c8e4e1e05093b105d649a68f02f6a5349f5cb61719b9c
  md5: 63a2690ffde5448bd8bbf19b5d1d366c
  constrains:
  - boost-cpp =1.84.0
  license: BSL-1.0
  size: 13734106
  timestamp: 1707840416473
- kind: conda
  name: libboost-python
  version: 1.84.0
  build: py311h92ebd52_1
  build_number: 1
  subdir: linux-64
  url: https://conda.anaconda.org/conda-forge/linux-64/libboost-python-1.84.0-py311h92ebd52_1.conda
  sha256: ad05a8fe97b67f0ae86a8a1e078e7ee15aa17c7a15ff5ac3eead85c5d4be7baf
  md5: df5f1fb242b282a2f56163d00f0ad612
  depends:
  - libgcc-ng >=12
  - libstdcxx-ng >=12
  - numpy >=1.23.5,<2.0a0
  - python >=3.11,<3.12.0a0
  - python_abi 3.11.* *_cp311
  constrains:
  - py-boost <0.0a0
  - boost =1.84.0
  license: BSL-1.0
  size: 118903
  timestamp: 1707840873910
- kind: conda
  name: libboost-python-devel
  version: 1.84.0
  build: py311h781c19f_1
  build_number: 1
  subdir: linux-64
  url: https://conda.anaconda.org/conda-forge/linux-64/libboost-python-devel-1.84.0-py311h781c19f_1.conda
  sha256: 87ec0a72382fc95937eaea95462ff4d90c45b6c2875505b86bd66c5fe7b073c4
  md5: 3a0879cab0d203d69c69e58473eb0964
  depends:
  - libboost-devel 1.84.0 h00ab1b0_1
  - libboost-python 1.84.0 py311h92ebd52_1
  - numpy >=1.23.5,<2.0a0
  - python >=3.11,<3.12.0a0
  - python_abi 3.11.* *_cp311
  constrains:
  - py-boost <0.0a0
  - boost =1.84.0
  license: BSL-1.0
  size: 16650
  timestamp: 1707841136482
- kind: conda
  name: libcblas
  version: 3.9.0
  build: 21_linux64_openblas
  build_number: 21
  subdir: linux-64
  url: https://conda.anaconda.org/conda-forge/linux-64/libcblas-3.9.0-21_linux64_openblas.conda
  sha256: 467bbfbfe1a1aeb8b1f9f6485eedd8ed1b6318941bf3702da72336ccf4dc25a6
  md5: 4a3816d06451c4946e2db26b86472cb6
  depends:
  - libblas 3.9.0 21_linux64_openblas
  constrains:
  - liblapacke 3.9.0 21_linux64_openblas
  - blas * openblas
  - liblapack 3.9.0 21_linux64_openblas
  license: BSD-3-Clause
  license_family: BSD
  size: 14614
  timestamp: 1705979564122
- kind: conda
  name: libcurl
  version: 8.5.0
  build: hca28451_0
  subdir: linux-64
  url: https://conda.anaconda.org/conda-forge/linux-64/libcurl-8.5.0-hca28451_0.conda
  sha256: 00a6bea5ff90ca58eeb15ebc98e08ffb88bddaff27396bb62640064f59d29cf0
  md5: 7144d5a828e2cae218e0e3c98d8a0aeb
  depends:
  - krb5 >=1.21.2,<1.22.0a0
  - libgcc-ng >=12
  - libnghttp2 >=1.58.0,<2.0a0
  - libssh2 >=1.11.0,<2.0a0
  - libzlib >=1.2.13,<1.3.0a0
  - openssl >=3.2.0,<4.0a0
  - zstd >=1.5.5,<1.6.0a0
  license: curl
  license_family: MIT
  size: 389164
  timestamp: 1701860147844
- kind: conda
  name: libedit
  version: 3.1.20191231
  build: he28a2e2_2
  build_number: 2
  subdir: linux-64
  url: https://conda.anaconda.org/conda-forge/linux-64/libedit-3.1.20191231-he28a2e2_2.tar.bz2
  sha256: a57d37c236d8f7c886e01656f4949d9dcca131d2a0728609c6f7fa338b65f1cf
  md5: 4d331e44109e3f0e19b4cb8f9b82f3e1
  depends:
  - libgcc-ng >=7.5.0
  - ncurses >=6.2,<7.0.0a0
  license: BSD-2-Clause
  license_family: BSD
  size: 123878
  timestamp: 1597616541093
- kind: conda
  name: libev
  version: '4.33'
  build: hd590300_2
  build_number: 2
  subdir: linux-64
  url: https://conda.anaconda.org/conda-forge/linux-64/libev-4.33-hd590300_2.conda
  sha256: 1cd6048169fa0395af74ed5d8f1716e22c19a81a8a36f934c110ca3ad4dd27b4
  md5: 172bf1cd1ff8629f2b1179945ed45055
  depends:
  - libgcc-ng >=12
  license: BSD-2-Clause
  license_family: BSD
  size: 112766
  timestamp: 1702146165126
- kind: conda
  name: libexpat
  version: 2.6.2
  build: h59595ed_0
  subdir: linux-64
  url: https://conda.anaconda.org/conda-forge/linux-64/libexpat-2.6.2-h59595ed_0.conda
  sha256: 331bb7c7c05025343ebd79f86ae612b9e1e74d2687b8f3179faec234f986ce19
  md5: e7ba12deb7020dd080c6c70e7b6f6a3d
  depends:
  - libgcc-ng >=12
  constrains:
  - expat 2.6.2.*
  license: MIT
  license_family: MIT
  size: 73730
  timestamp: 1710362120304
- kind: conda
  name: libffi
  version: 3.4.2
  build: h7f98852_5
  build_number: 5
  subdir: linux-64
  url: https://conda.anaconda.org/conda-forge/linux-64/libffi-3.4.2-h7f98852_5.tar.bz2
  sha256: ab6e9856c21709b7b517e940ae7028ae0737546122f83c2aa5d692860c3b149e
  md5: d645c6d2ac96843a2bfaccd2d62b3ac3
  depends:
  - libgcc-ng >=9.4.0
  license: MIT
  license_family: MIT
  size: 58292
  timestamp: 1636488182923
- kind: conda
  name: libgcc-devel_linux-64
  version: 13.2.0
  build: ha9c7c90_105
  build_number: 105
  subdir: noarch
  noarch: generic
  url: https://conda.anaconda.org/conda-forge/noarch/libgcc-devel_linux-64-13.2.0-ha9c7c90_105.conda
  sha256: 858029ad4d66869c533bb5a22e95e7c044ca66c61d6f403f10d9ae074a0e360e
  md5: 3bc29a967fee57e193ce51f51c598bca
  license: GPL-3.0-only WITH GCC-exception-3.1
  license_family: GPL
  size: 2578210
  timestamp: 1706819085946
- kind: conda
  name: libgcc-ng
  version: 13.2.0
  build: h807b86a_5
  build_number: 5
  subdir: linux-64
  url: https://conda.anaconda.org/conda-forge/linux-64/libgcc-ng-13.2.0-h807b86a_5.conda
  sha256: d32f78bfaac282cfe5205f46d558704ad737b8dbf71f9227788a5ca80facaba4
  md5: d4ff227c46917d3b4565302a2bbb276b
  depends:
  - _libgcc_mutex 0.1 conda_forge
  - _openmp_mutex >=4.5
  constrains:
  - libgomp 13.2.0 h807b86a_5
  license: GPL-3.0-only WITH GCC-exception-3.1
  license_family: GPL
  size: 770506
  timestamp: 1706819192021
- kind: conda
  name: libgfortran-ng
  version: 13.2.0
  build: h69a702a_5
  build_number: 5
  subdir: linux-64
  url: https://conda.anaconda.org/conda-forge/linux-64/libgfortran-ng-13.2.0-h69a702a_5.conda
  sha256: 238c16c84124d58307376715839aa152bd4a1bf5a043052938ad6c3137d30245
  md5: e73e9cfd1191783392131e6238bdb3e9
  depends:
  - libgfortran5 13.2.0 ha4646dd_5
  license: GPL-3.0-only WITH GCC-exception-3.1
  license_family: GPL
  size: 23829
  timestamp: 1706819413770
- kind: conda
  name: libgfortran5
  version: 13.2.0
  build: ha4646dd_5
  build_number: 5
  subdir: linux-64
  url: https://conda.anaconda.org/conda-forge/linux-64/libgfortran5-13.2.0-ha4646dd_5.conda
  sha256: ba8d94e8493222ce155bb264d9de4200e41498a458e866fedf444de809bde8b6
  md5: 7a6bd7a12a4bd359e2afe6c0fa1acace
  depends:
  - libgcc-ng >=13.2.0
  constrains:
  - libgfortran-ng 13.2.0
  license: GPL-3.0-only WITH GCC-exception-3.1
  license_family: GPL
  size: 1442769
  timestamp: 1706819209473
- kind: conda
  name: libgomp
  version: 13.2.0
  build: h807b86a_5
  build_number: 5
  subdir: linux-64
  url: https://conda.anaconda.org/conda-forge/linux-64/libgomp-13.2.0-h807b86a_5.conda
  sha256: 0d3d4b1b0134283ea02d58e8eb5accf3655464cf7159abf098cc694002f8d34e
  md5: d211c42b9ce49aee3734fdc828731689
  depends:
  - _libgcc_mutex 0.1 conda_forge
  license: GPL-3.0-only WITH GCC-exception-3.1
  license_family: GPL
  size: 419751
  timestamp: 1706819107383
- kind: conda
  name: liblapack
  version: 3.9.0
  build: 21_linux64_openblas
  build_number: 21
  subdir: linux-64
  url: https://conda.anaconda.org/conda-forge/linux-64/liblapack-3.9.0-21_linux64_openblas.conda
  sha256: 64b5c35dce00dd6f9f53178b2fe87116282e00967970bd6551a5a42923806ded
  md5: 1a42f305615c3867684e049e85927531
  depends:
  - libblas 3.9.0 21_linux64_openblas
  constrains:
  - liblapacke 3.9.0 21_linux64_openblas
  - libcblas 3.9.0 21_linux64_openblas
  - blas * openblas
  license: BSD-3-Clause
  license_family: BSD
  size: 14599
  timestamp: 1705979579648
- kind: conda
  name: libnghttp2
  version: 1.58.0
  build: h47da74e_1
  build_number: 1
  subdir: linux-64
  url: https://conda.anaconda.org/conda-forge/linux-64/libnghttp2-1.58.0-h47da74e_1.conda
  sha256: 1910c5306c6aa5bcbd623c3c930c440e9c77a5a019008e1487810e3c1d3716cb
  md5: 700ac6ea6d53d5510591c4344d5c989a
  depends:
  - c-ares >=1.23.0,<2.0a0
  - libev >=4.33,<4.34.0a0
  - libev >=4.33,<5.0a0
  - libgcc-ng >=12
  - libstdcxx-ng >=12
  - libzlib >=1.2.13,<1.3.0a0
  - openssl >=3.2.0,<4.0a0
  license: MIT
  license_family: MIT
  size: 631936
  timestamp: 1702130036271
- kind: conda
  name: libnsl
  version: 2.0.1
  build: hd590300_0
  subdir: linux-64
  url: https://conda.anaconda.org/conda-forge/linux-64/libnsl-2.0.1-hd590300_0.conda
  sha256: 26d77a3bb4dceeedc2a41bd688564fe71bf2d149fdcf117049970bc02ff1add6
  md5: 30fd6e37fe21f86f4bd26d6ee73eeec7
  depends:
  - libgcc-ng >=12
  license: LGPL-2.1-only
  license_family: GPL
  size: 33408
  timestamp: 1697359010159
- kind: conda
  name: libopenblas
  version: 0.3.26
  build: pthreads_h413a1c8_0
  subdir: linux-64
  url: https://conda.anaconda.org/conda-forge/linux-64/libopenblas-0.3.26-pthreads_h413a1c8_0.conda
  sha256: b626954b5a1113dafec8df89fa8bf18ce9b4701464d9f084ddd7fc9fac404bbd
  md5: 760ae35415f5ba8b15d09df5afe8b23a
  depends:
  - libgcc-ng >=12
  - libgfortran-ng
  - libgfortran5 >=12.3.0
  constrains:
  - openblas >=0.3.26,<0.3.27.0a0
  license: BSD-3-Clause
  license_family: BSD
  size: 5578031
  timestamp: 1704950143521
- kind: conda
  name: libsanitizer
  version: 13.2.0
  build: h7e041cc_5
  build_number: 5
  subdir: linux-64
  url: https://conda.anaconda.org/conda-forge/linux-64/libsanitizer-13.2.0-h7e041cc_5.conda
  sha256: 97ecdab7e4e96400d712c2d6ba2b7c30a97278e9f4470ea0ff36bf4f1447b3b9
  md5: 3f686300a92604d1bdff9a29dd4a6639
  depends:
  - libgcc-ng >=13.2.0
  license: GPL-3.0-only WITH GCC-exception-3.1
  license_family: GPL
  size: 4114208
  timestamp: 1706819228913
- kind: conda
  name: libsqlite
  version: 3.45.2
  build: h2797004_0
  subdir: linux-64
  url: https://conda.anaconda.org/conda-forge/linux-64/libsqlite-3.45.2-h2797004_0.conda
  sha256: 8cdbeb7902729e319510a82d7c642402981818702b58812af265ef55d1315473
  md5: 866983a220e27a80cb75e85cb30466a1
  depends:
  - libgcc-ng >=12
  - libzlib >=1.2.13,<1.3.0a0
  license: Unlicense
  size: 857489
  timestamp: 1710254744982
- kind: conda
  name: libssh2
  version: 1.11.0
  build: h0841786_0
  subdir: linux-64
  url: https://conda.anaconda.org/conda-forge/linux-64/libssh2-1.11.0-h0841786_0.conda
  sha256: 50e47fd9c4f7bf841a11647ae7486f65220cfc988ec422a4475fe8d5a823824d
  md5: 1f5a58e686b13bcfde88b93f547d23fe
  depends:
  - libgcc-ng >=12
  - libzlib >=1.2.13,<1.3.0a0
  - openssl >=3.1.1,<4.0a0
  license: BSD-3-Clause
  license_family: BSD
  size: 271133
  timestamp: 1685837707056
- kind: conda
  name: libstdcxx-ng
  version: 13.2.0
  build: h7e041cc_5
  build_number: 5
  subdir: linux-64
  url: https://conda.anaconda.org/conda-forge/linux-64/libstdcxx-ng-13.2.0-h7e041cc_5.conda
  sha256: a56c5b11f1e73a86e120e6141a42d9e935a99a2098491ac9e15347a1476ce777
  md5: f6f6600d18a4047b54f803cf708b868a
  license: GPL-3.0-only WITH GCC-exception-3.1
  license_family: GPL
  size: 3834139
  timestamp: 1706819252496
- kind: conda
  name: libuuid
  version: 2.38.1
  build: h0b41bf4_0
  subdir: linux-64
  url: https://conda.anaconda.org/conda-forge/linux-64/libuuid-2.38.1-h0b41bf4_0.conda
  sha256: 787eb542f055a2b3de553614b25f09eefb0a0931b0c87dbcce6efdfd92f04f18
  md5: 40b61aab5c7ba9ff276c41cfffe6b80b
  depends:
  - libgcc-ng >=12
  license: BSD-3-Clause
  license_family: BSD
  size: 33601
  timestamp: 1680112270483
- kind: conda
  name: libuv
  version: 1.48.0
  build: hd590300_0
  subdir: linux-64
  url: https://conda.anaconda.org/conda-forge/linux-64/libuv-1.48.0-hd590300_0.conda
  sha256: b7c0e8a0c93c2621be7645b37123d4e8d27e8a974da26a3fba47a9c37711aa7f
  md5: 7e8b914b1062dd4386e3de4d82a3ead6
  depends:
  - libgcc-ng >=12
  license: MIT
  license_family: MIT
  size: 899979
  timestamp: 1709913354710
- kind: conda
  name: libxcrypt
  version: 4.4.36
  build: hd590300_1
  build_number: 1
  subdir: linux-64
  url: https://conda.anaconda.org/conda-forge/linux-64/libxcrypt-4.4.36-hd590300_1.conda
  sha256: 6ae68e0b86423ef188196fff6207ed0c8195dd84273cb5623b85aa08033a410c
  md5: 5aa797f8787fe7a17d1b0821485b5adc
  depends:
  - libgcc-ng >=12
  license: LGPL-2.1-or-later
  size: 100393
  timestamp: 1702724383534
- kind: conda
  name: libzlib
  version: 1.2.13
  build: hd590300_5
  build_number: 5
  subdir: linux-64
  url: https://conda.anaconda.org/conda-forge/linux-64/libzlib-1.2.13-hd590300_5.conda
  sha256: 370c7c5893b737596fd6ca0d9190c9715d89d888b8c88537ae1ef168c25e82e4
  md5: f36c115f1ee199da648e0597ec2047ad
  depends:
  - libgcc-ng >=12
  constrains:
  - zlib 1.2.13 *_5
  license: Zlib
  license_family: Other
  size: 61588
  timestamp: 1686575217516
- kind: conda
  name: ncurses
  version: '6.4'
  build: h59595ed_2
  build_number: 2
  subdir: linux-64
  url: https://conda.anaconda.org/conda-forge/linux-64/ncurses-6.4-h59595ed_2.conda
  sha256: 91cc03f14caf96243cead96c76fe91ab5925a695d892e83285461fb927dece5e
  md5: 7dbaa197d7ba6032caf7ae7f32c1efa0
  depends:
  - libgcc-ng >=12
  license: X11 AND BSD-3-Clause
  size: 884434
  timestamp: 1698751260967
- kind: conda
  name: numpy
  version: 1.26.4
  build: py311h64a7726_0
  subdir: linux-64
  url: https://conda.anaconda.org/conda-forge/linux-64/numpy-1.26.4-py311h64a7726_0.conda
  sha256: 3f4365e11b28e244c95ba8579942b0802761ba7bb31c026f50d1a9ea9c728149
  md5: a502d7aad449a1206efb366d6a12c52d
  depends:
  - libblas >=3.9.0,<4.0a0
  - libcblas >=3.9.0,<4.0a0
  - libgcc-ng >=12
  - liblapack >=3.9.0,<4.0a0
  - libstdcxx-ng >=12
  - python >=3.11,<3.12.0a0
  - python_abi 3.11.* *_cp311
  constrains:
  - numpy-base <0a0
  license: BSD-3-Clause
  license_family: BSD
  size: 8065890
  timestamp: 1707225944355
- kind: conda
  name: openssl
  version: 3.2.1
  build: hd590300_0
  subdir: linux-64
  url: https://conda.anaconda.org/conda-forge/linux-64/openssl-3.2.1-hd590300_0.conda
  sha256: c02c12bdb898daacf7eb3d09859f93ea8f285fd1a6132ff6ff0493ab52c7fe57
  md5: 51a753e64a3027bd7e23a189b1f6e91e
  depends:
  - ca-certificates
  - libgcc-ng >=12
  constrains:
  - pyopenssl >=22.1
  license: Apache-2.0
  license_family: Apache
  size: 2863069
  timestamp: 1706635653339
- kind: conda
  name: pip
  version: '24.0'
  build: pyhd8ed1ab_0
  subdir: noarch
  noarch: python
  url: https://conda.anaconda.org/conda-forge/noarch/pip-24.0-pyhd8ed1ab_0.conda
  sha256: b7c1c5d8f13e8cb491c4bd1d0d1896a4cf80fc47de01059ad77509112b664a4a
  md5: f586ac1e56c8638b64f9c8122a7b8a67
  depends:
  - python >=3.7
  - setuptools
  - wheel
  license: MIT
  license_family: MIT
  size: 1398245
  timestamp: 1706960660581
- kind: conda
  name: pkg-config
  version: 0.29.2
  build: h36c2ea0_1008
  build_number: 1008
  subdir: linux-64
  url: https://conda.anaconda.org/conda-forge/linux-64/pkg-config-0.29.2-h36c2ea0_1008.tar.bz2
  sha256: 8b35a077ceccdf6888f1e82bd3ea281175014aefdc2d4cf63d7a4c7e169c125c
  md5: fbef41ff6a4c8140c30057466a1cdd47
  depends:
  - libgcc-ng >=7.5.0
  license: GPL-2.0-or-later
  license_family: GPL
  size: 123341
  timestamp: 1604184579935
- kind: conda
  name: pkgconfig
  version: 1.5.5
  build: pyhd8ed1ab_4
  build_number: 4
  subdir: noarch
  noarch: python
  url: https://conda.anaconda.org/conda-forge/noarch/pkgconfig-1.5.5-pyhd8ed1ab_4.tar.bz2
  sha256: a1337b36533cb2c15f5714bcc4ada5d1411252753561bb06bd3da4c5785de5df
  md5: 8b714fcb673b50d8a8e4094b6bf80ed6
  depends:
  - pkg-config
  - python >=3.3
  license: MIT
  license_family: MIT
  size: 10504
  timestamp: 1667031217949
- kind: conda
  name: python
  version: 3.11.8
  build: hab00c5b_0_cpython
  subdir: linux-64
  url: https://conda.anaconda.org/conda-forge/linux-64/python-3.11.8-hab00c5b_0_cpython.conda
  sha256: f33559d7127b6a892854bc3b2b4be1406c3be9537d658cb13edae57c8c0b5a11
  md5: 2fdc314ee058eda0114738a9309d3683
  depends:
  - bzip2 >=1.0.8,<2.0a0
  - ld_impl_linux-64 >=2.36.1
  - libexpat >=2.5.0,<3.0a0
  - libffi >=3.4,<4.0a0
  - libgcc-ng >=12
  - libnsl >=2.0.1,<2.1.0a0
  - libsqlite >=3.45.1,<4.0a0
  - libuuid >=2.38.1,<3.0a0
  - libxcrypt >=4.4.36
  - libzlib >=1.2.13,<1.3.0a0
  - ncurses >=6.4,<7.0a0
  - openssl >=3.2.1,<4.0a0
  - readline >=8.2,<9.0a0
  - tk >=8.6.13,<8.7.0a0
  - tzdata
  - xz >=5.2.6,<6.0a0
  constrains:
  - python_abi 3.11.* *_cp311
  license: Python-2.0
  size: 30754113
  timestamp: 1708118457486
- kind: conda
  name: python_abi
  version: '3.11'
  build: 4_cp311
  build_number: 4
  subdir: linux-64
  url: https://conda.anaconda.org/conda-forge/linux-64/python_abi-3.11-4_cp311.conda
  sha256: 0be3ac1bf852d64f553220c7e6457e9c047dfb7412da9d22fbaa67e60858b3cf
  md5: d786502c97404c94d7d58d258a445a65
  constrains:
  - python 3.11.* *_cpython
  license: BSD-3-Clause
  license_family: BSD
  size: 6385
  timestamp: 1695147338551
- kind: conda
  name: readline
  version: '8.2'
  build: h8228510_1
  build_number: 1
  subdir: linux-64
  url: https://conda.anaconda.org/conda-forge/linux-64/readline-8.2-h8228510_1.conda
  sha256: 5435cf39d039387fbdc977b0a762357ea909a7694d9528ab40f005e9208744d7
  md5: 47d31b792659ce70f470b5c82fdfb7a4
  depends:
  - libgcc-ng >=12
  - ncurses >=6.3,<7.0a0
  license: GPL-3.0-only
  license_family: GPL
  size: 281456
  timestamp: 1679532220005
- kind: conda
  name: rhash
  version: 1.4.4
  build: hd590300_0
  subdir: linux-64
  url: https://conda.anaconda.org/conda-forge/linux-64/rhash-1.4.4-hd590300_0.conda
  sha256: 12711d2d4a808a503c2e49b25d26ecb351435521e814c154e682dd2be71c2611
  md5: ec972a9a2925ac8d7a19eb9606561fff
  depends:
  - libgcc-ng >=12
  license: MIT
  license_family: MIT
  size: 185144
  timestamp: 1693455923632
- kind: conda
  name: setuptools
  version: 69.2.0
  build: pyhd8ed1ab_0
  subdir: noarch
  noarch: python
  url: https://conda.anaconda.org/conda-forge/noarch/setuptools-69.2.0-pyhd8ed1ab_0.conda
  sha256: 78a75c75a5dacda6de5f4056c9c990141bdaf4f64245673a590594d00bc63713
  md5: da214ecd521a720a9d521c68047682dc
  depends:
  - python >=3.8
  license: MIT
  license_family: MIT
  size: 471183
  timestamp: 1710344615844
- kind: conda
  name: sysroot_linux-64
  version: '2.12'
  build: he073ed8_17
  build_number: 17
  subdir: noarch
  noarch: generic
  url: https://conda.anaconda.org/conda-forge/noarch/sysroot_linux-64-2.12-he073ed8_17.conda
  sha256: b4e4d685e41cb36cfb16f0cb15d2c61f8f94f56fab38987a44eff95d8a673fb5
  md5: 595db67e32b276298ff3d94d07d47fbf
  depends:
  - kernel-headers_linux-64 2.6.32 he073ed8_17
  license: LGPL-2.0-or-later AND LGPL-2.0-or-later WITH exceptions AND GPL-2.0-or-later AND MPL-2.0
  license_family: GPL
  size: 15127123
  timestamp: 1708000843849
- kind: conda
  name: tk
  version: 8.6.13
  build: noxft_h4845f30_101
  build_number: 101
  subdir: linux-64
  url: https://conda.anaconda.org/conda-forge/linux-64/tk-8.6.13-noxft_h4845f30_101.conda
  sha256: e0569c9caa68bf476bead1bed3d79650bb080b532c64a4af7d8ca286c08dea4e
  md5: d453b98d9c83e71da0741bb0ff4d76bc
  depends:
  - libgcc-ng >=12
  - libzlib >=1.2.13,<1.3.0a0
  license: TCL
  license_family: BSD
  size: 3318875
  timestamp: 1699202167581
- kind: conda
  name: tzdata
  version: 2024a
  build: h0c530f3_0
  subdir: noarch
  noarch: generic
  url: https://conda.anaconda.org/conda-forge/noarch/tzdata-2024a-h0c530f3_0.conda
  sha256: 7b2b69c54ec62a243eb6fba2391b5e443421608c3ae5dbff938ad33ca8db5122
  md5: 161081fc7cec0bfda0d86d7cb595f8d8
  license: LicenseRef-Public-Domain
  size: 119815
  timestamp: 1706886945727
- kind: conda
  name: wheel
  version: 0.42.0
  build: pyhd8ed1ab_0
  subdir: noarch
  noarch: python
  url: https://conda.anaconda.org/conda-forge/noarch/wheel-0.42.0-pyhd8ed1ab_0.conda
  sha256: 80be0ccc815ce22f80c141013302839b0ed938a2edb50b846cf48d8a8c1cfa01
  md5: 1cdea58981c5cbc17b51973bcaddcea7
  depends:
  - python >=3.7
  license: MIT
  license_family: MIT
  size: 57553
  timestamp: 1701013309664
- kind: conda
  name: xz
  version: 5.2.6
  build: h166bdaf_0
  subdir: linux-64
  url: https://conda.anaconda.org/conda-forge/linux-64/xz-5.2.6-h166bdaf_0.tar.bz2
  sha256: 03a6d28ded42af8a347345f82f3eebdd6807a08526d47899a42d62d319609162
  md5: 2161070d867d1b1204ea749c8eec4ef0
  depends:
  - libgcc-ng >=12
  license: LGPL-2.1 and GPL-2.0
  size: 418368
  timestamp: 1660346797927
- kind: conda
  name: zstd
  version: 1.5.5
  build: hfc55251_0
  subdir: linux-64
  url: https://conda.anaconda.org/conda-forge/linux-64/zstd-1.5.5-hfc55251_0.conda
  sha256: 607cbeb1a533be98ba96cf5cdf0ddbb101c78019f1fda063261871dad6248609
  md5: 04b88013080254850d6c01ed54810589
  depends:
  - libgcc-ng >=12
  - libstdcxx-ng >=12
  - libzlib >=1.2.13,<1.3.0a0
  license: BSD-3-Clause
  license_family: BSD
  size: 545199
  timestamp: 1693151163452
